Microsoft Visual Studio Solution File, Format Version 12.00
Project("{FAE04EC0-301F-11D3-BF4B-00C04F79EFBC}") = "Crm.Apps", "Crm.Apps\Crm.Apps.csproj", "{6ADEA938-63C2-4199-BD99-B15BE22C35A4}"
EndProject
Project("{FAE04EC0-301F-11D3-BF4B-00C04F79EFBC}") = "Crm.Apps.Tests", "Crm.Apps.Tests\Crm.Apps.Tests.csproj", "{C5D27B21-1183-48E8-B0B7-F46395D06C8B}"
EndProject
Project("{FAE04EC0-301F-11D3-BF4B-00C04F79EFBC}") = "Crm.Apps.v1.Clients", "Crm.Apps.v1.Clients\Crm.Apps.v1.Clients.csproj", "{4F197E15-9188-4327-9FB8-E20CF235EC5E}"
EndProject
Global
	GlobalSection(SolutionConfigurationPlatforms) = preSolution
		Debug|Any CPU = Debug|Any CPU
		Release|Any CPU = Release|Any CPU
	EndGlobalSection
	GlobalSection(NestedProjects) = preSolution
	EndGlobalSection
GlobalSection(ProjectConfigurationPlatforms) = postSolution
		{6ADEA938-63C2-4199-BD99-B15BE22C35A4}.Debug|Any CPU.ActiveCfg = Debug|Any CPU
		{6ADEA938-63C2-4199-BD99-B15BE22C35A4}.Debug|Any CPU.Build.0 = Debug|Any CPU
		{6ADEA938-63C2-4199-BD99-B15BE22C35A4}.Release|Any CPU.ActiveCfg = Release|Any CPU
		{6ADEA938-63C2-4199-BD99-B15BE22C35A4}.Release|Any CPU.Build.0 = Release|Any CPU
		{C5D27B21-1183-48E8-B0B7-F46395D06C8B}.Debug|Any CPU.ActiveCfg = Debug|Any CPU
		{C5D27B21-1183-48E8-B0B7-F46395D06C8B}.Debug|Any CPU.Build.0 = Debug|Any CPU
		{C5D27B21-1183-48E8-B0B7-F46395D06C8B}.Release|Any CPU.ActiveCfg = Release|Any CPU
		{C5D27B21-1183-48E8-B0B7-F46395D06C8B}.Release|Any CPU.Build.0 = Release|Any CPU
	{4F197E15-9188-4327-9FB8-E20CF235EC5E}.Debug|Any CPU.ActiveCfg = Debug|Any CPU
	{4F197E15-9188-4327-9FB8-E20CF235EC5E}.Debug|Any CPU.Build.0 = Debug|Any CPU
	{4F197E15-9188-4327-9FB8-E20CF235EC5E}.Release|Any CPU.ActiveCfg = Release|Any CPU
	{4F197E15-9188-4327-9FB8-E20CF235EC5E}.Release|Any CPU.Build.0 = Release|Any CPU
EndGlobalSection
EndGlobal
