
Microsoft Visual Studio Solution File, Format Version 12.00
# Visual Studio Version 16
VisualStudioVersion = 16.0.28621.142
MinimumVisualStudioVersion = 10.0.40219.1
Project("{9A19103F-16F7-4668-BE54-9A1E7A4F7556}") = "Crm", "Crm\Crm.csproj", "{5A91E17F-CD50-4400-B1C7-BE90C7AB2BF5}"
EndProject
Project("{9A19103F-16F7-4668-BE54-9A1E7A4F7556}") = "Crm.Common.Types", "Crm.Common.Types\Crm.Common.Types.csproj", "{16E7C940-4358-48D6-A8ED-F3D195BD15F8}"
EndProject
Project("{9A19103F-16F7-4668-BE54-9A1E7A4F7556}") = "Crm.Utils.Json", "Crm.Utils.Json\Crm.Utils.Json.csproj", "{89AB5C30-34C6-4EAA-AB9C-E89711CB8730}"
EndProject
Project("{9A19103F-16F7-4668-BE54-9A1E7A4F7556}") = "Crm.Utils.Address", "Crm.Utils.Address\Crm.Utils.Address.csproj", "{F5CB99E1-A477-4F7A-A5AD-2E1252357002}"
EndProject
Project("{9A19103F-16F7-4668-BE54-9A1E7A4F7556}") = "Crm.Utils.DateTime", "Crm.Utils.DateTime\Crm.Utils.DateTime.csproj", "{519BA72D-CFB2-430E-8FE8-4F5D150F87C7}"
EndProject
Project("{9A19103F-16F7-4668-BE54-9A1E7A4F7556}") = "Crm.Utils.Password", "Crm.Utils.Password\Crm.Utils.Password.csproj", "{488C7FB0-5118-4DB8-B4BE-A542494D7A35}"
EndProject
Project("{9A19103F-16F7-4668-BE54-9A1E7A4F7556}") = "Crm.Utils.Phone", "Crm.Utils.Phone\Crm.Utils.Phone.csproj", "{61D9456A-DD17-4D22-8737-3DF1C8D60603}"
EndProject
Project("{9A19103F-16F7-4668-BE54-9A1E7A4F7556}") = "Crm.Utils.Generator", "Crm.Utils.Token\Crm.Utils.Generator.csproj", "{FA148FA7-72AB-4C89-9171-009475A3AC85}"
EndProject
Project("{2150E333-8FDC-42A3-9474-1A3956D46DE8}") = "common", "common", "{53689E0B-2E68-46C1-BBA5-F1C97304D2C9}"
EndProject
Project("{2150E333-8FDC-42A3-9474-1A3956D46DE8}") = "infrastructure", "infrastructure", "{2C642F65-3AC6-408A-8CE2-32512472E4D0}"
EndProject
Project("{9A19103F-16F7-4668-BE54-9A1E7A4F7556}") = "Crm.Common.OAuth.Odnoklassniki", "Crm.Common.OAuth.Odnoklassniki\Crm.Common.OAuth.Odnoklassniki.csproj", "{BA3B4F02-4290-423A-9C91-8D2A69AE225B}"
EndProject
Project("{9A19103F-16F7-4668-BE54-9A1E7A4F7556}") = "Crm.Common.OAuth.Vkontakte", "Crm.Common.OAuth.Vkontakte\Crm.Common.OAuth.Vkontakte.csproj", "{CAC0269B-A5D0-47A6-9FFA-EE36AE0620A7}"
EndProject
Project("{9A19103F-16F7-4668-BE54-9A1E7A4F7556}") = "Crm.Infrastructure.MessageBroking", "Crm.Infrastructure.MessageBroking\Crm.Infrastructure.MessageBroking.csproj", "{4E17116D-51BC-4362-A1A5-1C3833E36831}"
EndProject
Project("{9A19103F-16F7-4668-BE54-9A1E7A4F7556}") = "Crm.Utils.Enums", "Crm.Utils.Enums\Crm.Utils.Enums.csproj", "{70B76E49-1901-4A97-8699-758694AAAB00}"
EndProject
Project("{9A19103F-16F7-4668-BE54-9A1E7A4F7556}") = "Crm.Infrastructure.WebApplicationConfiguration", "Crm.Infrastructure.WebApplicationConfiguration\Crm.Infrastructure.WebApplicationConfiguration.csproj", "{CFA4DE6F-3EE3-4EED-A8FD-94C9EF74E892}"
EndProject
Project("{9A19103F-16F7-4668-BE54-9A1E7A4F7556}") = "Crm.Infrastructure.Metrics", "Crm.Infrastructure.Metrics\Crm.Infrastructure.Metrics.csproj", "{C29058E2-87A6-46C7-A057-C9D008A9DFFC}"
EndProject
Project("{9A19103F-16F7-4668-BE54-9A1E7A4F7556}") = "Crm.Tests", "Crm.Tests\Crm.Tests.csproj", "{A1F4D573-78C0-40C4-82AE-8B53DF56BB7D}"
EndProject
Project("{2150E333-8FDC-42A3-9474-1A3956D46DE8}") = "apps", "apps", "{5B0D7D8C-F9A7-4CFB-B28A-7112865F9EEA}"
EndProject
Project("{2150E333-8FDC-42A3-9474-1A3956D46DE8}") = "accounts", "accounts", "{DA1B6753-27A4-4642-A432-58E4A6A71FE8}"
EndProject
Project("{2150E333-8FDC-42A3-9474-1A3956D46DE8}") = "users", "users", "{42DDE056-6699-45FB-BDC8-AF41A5033280}"
EndProject
Project("{2150E333-8FDC-42A3-9474-1A3956D46DE8}") = "auth", "auth", "{A68FDD48-D694-4F3B-B29E-13F2B65FF174}"
EndProject
Project("{2150E333-8FDC-42A3-9474-1A3956D46DE8}") = "activities", "activities", "{7444D205-BCA7-4BEB-8D18-4348766A32CE}"
EndProject
Project("{2150E333-8FDC-42A3-9474-1A3956D46DE8}") = "companies", "companies", "{7FAE8F87-422E-46E7-BCFE-E8FCF87FC8D0}"
EndProject
Project("{2150E333-8FDC-42A3-9474-1A3956D46DE8}") = "contacts", "contacts", "{6A22494F-53A2-4E5E-B246-DA8802812B47}"
EndProject
Project("{2150E333-8FDC-42A3-9474-1A3956D46DE8}") = "deals", "deals", "{C8DEBDFC-6A11-4A4E-A488-77148FF32ED3}"
EndProject
Project("{2150E333-8FDC-42A3-9474-1A3956D46DE8}") = "leads", "leads", "{AE4EFC10-2998-4F94-8FCF-771E681B9E42}"
EndProject
Project("{2150E333-8FDC-42A3-9474-1A3956D46DE8}") = "products", "products", "{0687DCD8-AFDE-4785-80DE-847FE2C5D5BB}"
EndProject
Project("{2150E333-8FDC-42A3-9474-1A3956D46DE8}") = "registration", "registration", "{B90A8ED2-723C-45FA-BFE2-5EB38897B918}"
EndProject
Project("{2150E333-8FDC-42A3-9474-1A3956D46DE8}") = "partners", "partners", "{CCB834F6-938E-4B32-9B56-5720BC45EB94}"
EndProject
Project("{2150E333-8FDC-42A3-9474-1A3956D46DE8}") = "emails", "emails", "{C7854A4D-591D-43EC-9C3F-7E35B81C5961}"
EndProject
Project("{2150E333-8FDC-42A3-9474-1A3956D46DE8}") = "smses", "smses", "{80170DB3-6440-4255-B35C-B960FF8E79FD}"
EndProject
Project("{2150E333-8FDC-42A3-9474-1A3956D46DE8}") = "socials", "socials", "{906B82E0-A98D-41B7-B388-AA69A46554E6}"
EndProject
Project("{2150E333-8FDC-42A3-9474-1A3956D46DE8}") = "bots", "bots", "{6FD58933-A6A3-451F-A63F-615F9ADF2748}"
EndProject
Project("{2150E333-8FDC-42A3-9474-1A3956D46DE8}") = "plugins", "plugins", "{23DEBB40-2336-448D-A6E1-FE240A1390DF}"
EndProject
Project("{2150E333-8FDC-42A3-9474-1A3956D46DE8}") = "reports", "reports", "{A0E7CF8E-81FF-42E0-B0D8-A079AAE2DB58}"
EndProject
Project("{2150E333-8FDC-42A3-9474-1A3956D46DE8}") = "calls", "calls", "{9CA63BE9-1766-4FC3-B74B-CFDE1B7D3D05}"
EndProject
Project("{2150E333-8FDC-42A3-9474-1A3956D46DE8}") = "base", "base", "{54F7F427-4536-4E9A-8BC3-D6878EC863E3}"
EndProject
Project("{2150E333-8FDC-42A3-9474-1A3956D46DE8}") = "clients", "clients", "{137F2E22-33EA-477C-B800-DBF3DB7FEE5B}"
EndProject
Project("{2150E333-8FDC-42A3-9474-1A3956D46DE8}") = "web", "web", "{EF4277FB-5CC9-48DD-980D-5ACE94E2B819}"
EndProject
Project("{2150E333-8FDC-42A3-9474-1A3956D46DE8}") = "mobile", "mobile", "{B31D560A-F9A4-4EFE-AC55-DDB71F9248EF}"
EndProject
Project("{2150E333-8FDC-42A3-9474-1A3956D46DE8}") = "csharp", "csharp", "{EABA843D-7086-4CF0-B49C-2E60C3291413}"
EndProject
Project("{2150E333-8FDC-42A3-9474-1A3956D46DE8}") = "typescript", "typescript", "{9DD68DCD-2B21-4839-91C6-36ACE57D6E27}"
EndProject
Project("{2150E333-8FDC-42A3-9474-1A3956D46DE8}") = "csharp", "csharp", "{65F9CFD7-414F-486F-B7CA-D0AAFEC363BF}"
EndProject
Project("{2150E333-8FDC-42A3-9474-1A3956D46DE8}") = "typescript", "typescript", "{3C6BC686-1A0A-4FEE-88C8-37E01A89375B}"
EndProject
Project("{2150E333-8FDC-42A3-9474-1A3956D46DE8}") = "utils", "utils", "{F5BBF8E7-DF9F-49D4-BA7D-DF0A7C2F4E82}"
EndProject
Project("{2150E333-8FDC-42A3-9474-1A3956D46DE8}") = "csharp", "csharp", "{9BF0AF15-F578-47FB-8214-056541D2F536}"
EndProject
Project("{2150E333-8FDC-42A3-9474-1A3956D46DE8}") = "typescript", "typescript", "{771BF35A-42CB-400D-A2D9-38D84D4FFFC9}"
EndProject
Project("{2150E333-8FDC-42A3-9474-1A3956D46DE8}") = "csharp", "csharp", "{36DD7D4A-749C-4980-9E3F-FE9A8E707F70}"
EndProject
Project("{2150E333-8FDC-42A3-9474-1A3956D46DE8}") = "csharp", "csharp", "{AD07032A-F339-46EB-B2A4-9CBFF025DF78}"
EndProject
Project("{2150E333-8FDC-42A3-9474-1A3956D46DE8}") = "csharp", "csharp", "{3CA32C39-B84E-442F-820D-2A3DD38002E1}"
EndProject
Project("{2150E333-8FDC-42A3-9474-1A3956D46DE8}") = "csharp", "csharp", "{E0C86892-EA9F-400D-947D-FFEB8727EC9E}"
EndProject
Project("{2150E333-8FDC-42A3-9474-1A3956D46DE8}") = "csharp", "csharp", "{570B0E6E-632E-480E-9043-6B114B53813E}"
EndProject
Project("{2150E333-8FDC-42A3-9474-1A3956D46DE8}") = "csharp", "csharp", "{AFE36BCF-9222-4872-AD54-947FE017D31F}"
EndProject
Project("{2150E333-8FDC-42A3-9474-1A3956D46DE8}") = "csharp", "csharp", "{B370A077-1E49-4347-B9B7-E9680B37C57A}"
EndProject
Project("{2150E333-8FDC-42A3-9474-1A3956D46DE8}") = "csharp", "csharp", "{F9E1D463-1A0F-4A25-B84B-A65A87DBA985}"
EndProject
Project("{2150E333-8FDC-42A3-9474-1A3956D46DE8}") = "csharp", "csharp", "{B385D3BE-549A-4D45-B15A-0D5EA5761C62}"
EndProject
Project("{2150E333-8FDC-42A3-9474-1A3956D46DE8}") = "csharp", "csharp", "{E7A91B97-24A8-44BA-B979-D8E09BF528D8}"
EndProject
Project("{2150E333-8FDC-42A3-9474-1A3956D46DE8}") = "csharp", "csharp", "{E7A10FF4-FB7C-4665-B7BC-064D0076B693}"
EndProject
Project("{2150E333-8FDC-42A3-9474-1A3956D46DE8}") = "csharp", "csharp", "{02FA7E55-CC25-4813-A41C-132A30B8E32A}"
EndProject
Project("{2150E333-8FDC-42A3-9474-1A3956D46DE8}") = "csharp", "csharp", "{F51E31CC-8394-4185-881F-C31A6BD17896}"
EndProject
Project("{2150E333-8FDC-42A3-9474-1A3956D46DE8}") = "csharp", "csharp", "{BB5826F8-EEB9-4D63-B79B-DBE2BD6B80D4}"
EndProject
Project("{2150E333-8FDC-42A3-9474-1A3956D46DE8}") = "csharp", "csharp", "{A7A2E0B3-6EE3-4BE8-ABD0-B351BB355311}"
EndProject
Project("{2150E333-8FDC-42A3-9474-1A3956D46DE8}") = "csharp", "csharp", "{C9F1F3D3-83C9-4F6A-8A99-BA3BF1232446}"
EndProject
Project("{2150E333-8FDC-42A3-9474-1A3956D46DE8}") = "csharp", "csharp", "{7C418150-34BB-4108-9389-019D53647DF9}"
EndProject
Project("{2150E333-8FDC-42A3-9474-1A3956D46DE8}") = "android", "android", "{650EC649-4008-400E-B026-116EE2AC0F10}"
EndProject
Project("{2150E333-8FDC-42A3-9474-1A3956D46DE8}") = "ios", "ios", "{1A287398-AEE9-4226-9B4B-5C08EA9758FF}"
EndProject
Project("{2150E333-8FDC-42A3-9474-1A3956D46DE8}") = "kotlin", "kotlin", "{94675B5C-FA8D-464D-A367-F6A5B1860F51}"
EndProject
Project("{2150E333-8FDC-42A3-9474-1A3956D46DE8}") = "swift", "swift", "{3EE810A9-04B0-401E-A57D-1813498C494B}"
EndProject
Project("{2150E333-8FDC-42A3-9474-1A3956D46DE8}") = "typescript", "typescript", "{65C4AE95-30D5-42E5-8B91-AC4A07841AEA}"
EndProject
Project("{2150E333-8FDC-42A3-9474-1A3956D46DE8}") = "kotlin", "kotlin", "{D0E1EEE2-F3A5-42C7-B5CC-E94D13494B51}"
EndProject
Project("{2150E333-8FDC-42A3-9474-1A3956D46DE8}") = "swift", "swift", "{A698B60E-4B9C-4BC2-A1F8-F6771792D7E6}"
EndProject
Project("{2150E333-8FDC-42A3-9474-1A3956D46DE8}") = "kotlin", "kotlin", "{C569BF53-B84B-4C0E-BC99-69B9EC74C90B}"
EndProject
Project("{2150E333-8FDC-42A3-9474-1A3956D46DE8}") = "swift", "swift", "{1B7C0755-0F04-48AF-AFDD-B94CDEFA3551}"
EndProject
Project("{2150E333-8FDC-42A3-9474-1A3956D46DE8}") = "kotlin", "kotlin", "{A13E8019-E4A2-41B3-85D2-8727B6A6B943}"
EndProject
Project("{2150E333-8FDC-42A3-9474-1A3956D46DE8}") = "swift", "swift", "{A5C9078F-A435-4AF6-947E-8538BD69771A}"
EndProject
Global
	GlobalSection(SolutionConfigurationPlatforms) = preSolution
		Debug|Any CPU = Debug|Any CPU
		Release|Any CPU = Release|Any CPU
	EndGlobalSection
	GlobalSection(ProjectConfigurationPlatforms) = postSolution
		{5A91E17F-CD50-4400-B1C7-BE90C7AB2BF5}.Debug|Any CPU.ActiveCfg = Debug|Any CPU
		{5A91E17F-CD50-4400-B1C7-BE90C7AB2BF5}.Debug|Any CPU.Build.0 = Debug|Any CPU
		{5A91E17F-CD50-4400-B1C7-BE90C7AB2BF5}.Release|Any CPU.ActiveCfg = Release|Any CPU
		{5A91E17F-CD50-4400-B1C7-BE90C7AB2BF5}.Release|Any CPU.Build.0 = Release|Any CPU
		{16E7C940-4358-48D6-A8ED-F3D195BD15F8}.Debug|Any CPU.ActiveCfg = Debug|Any CPU
		{16E7C940-4358-48D6-A8ED-F3D195BD15F8}.Debug|Any CPU.Build.0 = Debug|Any CPU
		{16E7C940-4358-48D6-A8ED-F3D195BD15F8}.Release|Any CPU.ActiveCfg = Release|Any CPU
		{16E7C940-4358-48D6-A8ED-F3D195BD15F8}.Release|Any CPU.Build.0 = Release|Any CPU
		{89AB5C30-34C6-4EAA-AB9C-E89711CB8730}.Debug|Any CPU.ActiveCfg = Debug|Any CPU
		{89AB5C30-34C6-4EAA-AB9C-E89711CB8730}.Debug|Any CPU.Build.0 = Debug|Any CPU
		{89AB5C30-34C6-4EAA-AB9C-E89711CB8730}.Release|Any CPU.ActiveCfg = Release|Any CPU
		{89AB5C30-34C6-4EAA-AB9C-E89711CB8730}.Release|Any CPU.Build.0 = Release|Any CPU
		{F5CB99E1-A477-4F7A-A5AD-2E1252357002}.Debug|Any CPU.ActiveCfg = Debug|Any CPU
		{F5CB99E1-A477-4F7A-A5AD-2E1252357002}.Debug|Any CPU.Build.0 = Debug|Any CPU
		{F5CB99E1-A477-4F7A-A5AD-2E1252357002}.Release|Any CPU.ActiveCfg = Release|Any CPU
		{F5CB99E1-A477-4F7A-A5AD-2E1252357002}.Release|Any CPU.Build.0 = Release|Any CPU
		{519BA72D-CFB2-430E-8FE8-4F5D150F87C7}.Debug|Any CPU.ActiveCfg = Debug|Any CPU
		{519BA72D-CFB2-430E-8FE8-4F5D150F87C7}.Debug|Any CPU.Build.0 = Debug|Any CPU
		{519BA72D-CFB2-430E-8FE8-4F5D150F87C7}.Release|Any CPU.ActiveCfg = Release|Any CPU
		{519BA72D-CFB2-430E-8FE8-4F5D150F87C7}.Release|Any CPU.Build.0 = Release|Any CPU
		{488C7FB0-5118-4DB8-B4BE-A542494D7A35}.Debug|Any CPU.ActiveCfg = Debug|Any CPU
		{488C7FB0-5118-4DB8-B4BE-A542494D7A35}.Debug|Any CPU.Build.0 = Debug|Any CPU
		{488C7FB0-5118-4DB8-B4BE-A542494D7A35}.Release|Any CPU.ActiveCfg = Release|Any CPU
		{488C7FB0-5118-4DB8-B4BE-A542494D7A35}.Release|Any CPU.Build.0 = Release|Any CPU
		{61D9456A-DD17-4D22-8737-3DF1C8D60603}.Debug|Any CPU.ActiveCfg = Debug|Any CPU
		{61D9456A-DD17-4D22-8737-3DF1C8D60603}.Debug|Any CPU.Build.0 = Debug|Any CPU
		{61D9456A-DD17-4D22-8737-3DF1C8D60603}.Release|Any CPU.ActiveCfg = Release|Any CPU
		{61D9456A-DD17-4D22-8737-3DF1C8D60603}.Release|Any CPU.Build.0 = Release|Any CPU
		{FA148FA7-72AB-4C89-9171-009475A3AC85}.Debug|Any CPU.ActiveCfg = Debug|Any CPU
		{FA148FA7-72AB-4C89-9171-009475A3AC85}.Debug|Any CPU.Build.0 = Debug|Any CPU
		{FA148FA7-72AB-4C89-9171-009475A3AC85}.Release|Any CPU.ActiveCfg = Release|Any CPU
		{FA148FA7-72AB-4C89-9171-009475A3AC85}.Release|Any CPU.Build.0 = Release|Any CPU
		{BA3B4F02-4290-423A-9C91-8D2A69AE225B}.Debug|Any CPU.ActiveCfg = Debug|Any CPU
		{BA3B4F02-4290-423A-9C91-8D2A69AE225B}.Debug|Any CPU.Build.0 = Debug|Any CPU
		{BA3B4F02-4290-423A-9C91-8D2A69AE225B}.Release|Any CPU.ActiveCfg = Release|Any CPU
		{BA3B4F02-4290-423A-9C91-8D2A69AE225B}.Release|Any CPU.Build.0 = Release|Any CPU
		{CAC0269B-A5D0-47A6-9FFA-EE36AE0620A7}.Debug|Any CPU.ActiveCfg = Debug|Any CPU
		{CAC0269B-A5D0-47A6-9FFA-EE36AE0620A7}.Debug|Any CPU.Build.0 = Debug|Any CPU
		{CAC0269B-A5D0-47A6-9FFA-EE36AE0620A7}.Release|Any CPU.ActiveCfg = Release|Any CPU
		{CAC0269B-A5D0-47A6-9FFA-EE36AE0620A7}.Release|Any CPU.Build.0 = Release|Any CPU
		{4E17116D-51BC-4362-A1A5-1C3833E36831}.Debug|Any CPU.ActiveCfg = Debug|Any CPU
		{4E17116D-51BC-4362-A1A5-1C3833E36831}.Debug|Any CPU.Build.0 = Debug|Any CPU
		{4E17116D-51BC-4362-A1A5-1C3833E36831}.Release|Any CPU.ActiveCfg = Release|Any CPU
		{4E17116D-51BC-4362-A1A5-1C3833E36831}.Release|Any CPU.Build.0 = Release|Any CPU
		{70B76E49-1901-4A97-8699-758694AAAB00}.Debug|Any CPU.ActiveCfg = Debug|Any CPU
		{70B76E49-1901-4A97-8699-758694AAAB00}.Debug|Any CPU.Build.0 = Debug|Any CPU
		{70B76E49-1901-4A97-8699-758694AAAB00}.Release|Any CPU.ActiveCfg = Release|Any CPU
		{70B76E49-1901-4A97-8699-758694AAAB00}.Release|Any CPU.Build.0 = Release|Any CPU
		{CFA4DE6F-3EE3-4EED-A8FD-94C9EF74E892}.Debug|Any CPU.ActiveCfg = Debug|Any CPU
		{CFA4DE6F-3EE3-4EED-A8FD-94C9EF74E892}.Debug|Any CPU.Build.0 = Debug|Any CPU
		{CFA4DE6F-3EE3-4EED-A8FD-94C9EF74E892}.Release|Any CPU.ActiveCfg = Release|Any CPU
		{CFA4DE6F-3EE3-4EED-A8FD-94C9EF74E892}.Release|Any CPU.Build.0 = Release|Any CPU
		{C29058E2-87A6-46C7-A057-C9D008A9DFFC}.Debug|Any CPU.ActiveCfg = Debug|Any CPU
		{C29058E2-87A6-46C7-A057-C9D008A9DFFC}.Debug|Any CPU.Build.0 = Debug|Any CPU
		{C29058E2-87A6-46C7-A057-C9D008A9DFFC}.Release|Any CPU.ActiveCfg = Release|Any CPU
		{C29058E2-87A6-46C7-A057-C9D008A9DFFC}.Release|Any CPU.Build.0 = Release|Any CPU
		{A1F4D573-78C0-40C4-82AE-8B53DF56BB7D}.Debug|Any CPU.ActiveCfg = Debug|Any CPU
		{A1F4D573-78C0-40C4-82AE-8B53DF56BB7D}.Debug|Any CPU.Build.0 = Debug|Any CPU
		{A1F4D573-78C0-40C4-82AE-8B53DF56BB7D}.Release|Any CPU.ActiveCfg = Release|Any CPU
		{A1F4D573-78C0-40C4-82AE-8B53DF56BB7D}.Release|Any CPU.Build.0 = Release|Any CPU
	EndGlobalSection
	GlobalSection(SolutionProperties) = preSolution
		HideSolutionNode = FALSE
	EndGlobalSection
	GlobalSection(NestedProjects) = preSolution
		{5A91E17F-CD50-4400-B1C7-BE90C7AB2BF5} = {36DD7D4A-749C-4980-9E3F-FE9A8E707F70}
		{16E7C940-4358-48D6-A8ED-F3D195BD15F8} = {65F9CFD7-414F-486F-B7CA-D0AAFEC363BF}
		{89AB5C30-34C6-4EAA-AB9C-E89711CB8730} = {9BF0AF15-F578-47FB-8214-056541D2F536}
		{F5CB99E1-A477-4F7A-A5AD-2E1252357002} = {9BF0AF15-F578-47FB-8214-056541D2F536}
		{519BA72D-CFB2-430E-8FE8-4F5D150F87C7} = {9BF0AF15-F578-47FB-8214-056541D2F536}
		{488C7FB0-5118-4DB8-B4BE-A542494D7A35} = {9BF0AF15-F578-47FB-8214-056541D2F536}
		{61D9456A-DD17-4D22-8737-3DF1C8D60603} = {9BF0AF15-F578-47FB-8214-056541D2F536}
		{FA148FA7-72AB-4C89-9171-009475A3AC85} = {9BF0AF15-F578-47FB-8214-056541D2F536}
		{BA3B4F02-4290-423A-9C91-8D2A69AE225B} = {B385D3BE-549A-4D45-B15A-0D5EA5761C62}
		{CAC0269B-A5D0-47A6-9FFA-EE36AE0620A7} = {B385D3BE-549A-4D45-B15A-0D5EA5761C62}
		{4E17116D-51BC-4362-A1A5-1C3833E36831} = {EABA843D-7086-4CF0-B49C-2E60C3291413}
		{70B76E49-1901-4A97-8699-758694AAAB00} = {9BF0AF15-F578-47FB-8214-056541D2F536}
		{CFA4DE6F-3EE3-4EED-A8FD-94C9EF74E892} = {EABA843D-7086-4CF0-B49C-2E60C3291413}
		{C29058E2-87A6-46C7-A057-C9D008A9DFFC} = {EABA843D-7086-4CF0-B49C-2E60C3291413}
		{A1F4D573-78C0-40C4-82AE-8B53DF56BB7D} = {36DD7D4A-749C-4980-9E3F-FE9A8E707F70}
		{DA1B6753-27A4-4642-A432-58E4A6A71FE8} = {54F7F427-4536-4E9A-8BC3-D6878EC863E3}
		{42DDE056-6699-45FB-BDC8-AF41A5033280} = {54F7F427-4536-4E9A-8BC3-D6878EC863E3}
		{A68FDD48-D694-4F3B-B29E-13F2B65FF174} = {54F7F427-4536-4E9A-8BC3-D6878EC863E3}
		{7444D205-BCA7-4BEB-8D18-4348766A32CE} = {54F7F427-4536-4E9A-8BC3-D6878EC863E3}
		{7FAE8F87-422E-46E7-BCFE-E8FCF87FC8D0} = {54F7F427-4536-4E9A-8BC3-D6878EC863E3}
		{6A22494F-53A2-4E5E-B246-DA8802812B47} = {54F7F427-4536-4E9A-8BC3-D6878EC863E3}
		{C8DEBDFC-6A11-4A4E-A488-77148FF32ED3} = {54F7F427-4536-4E9A-8BC3-D6878EC863E3}
		{AE4EFC10-2998-4F94-8FCF-771E681B9E42} = {54F7F427-4536-4E9A-8BC3-D6878EC863E3}
		{0687DCD8-AFDE-4785-80DE-847FE2C5D5BB} = {54F7F427-4536-4E9A-8BC3-D6878EC863E3}
		{B90A8ED2-723C-45FA-BFE2-5EB38897B918} = {54F7F427-4536-4E9A-8BC3-D6878EC863E3}
		{CCB834F6-938E-4B32-9B56-5720BC45EB94} = {23DEBB40-2336-448D-A6E1-FE240A1390DF}
		{C7854A4D-591D-43EC-9C3F-7E35B81C5961} = {23DEBB40-2336-448D-A6E1-FE240A1390DF}
		{80170DB3-6440-4255-B35C-B960FF8E79FD} = {23DEBB40-2336-448D-A6E1-FE240A1390DF}
		{906B82E0-A98D-41B7-B388-AA69A46554E6} = {23DEBB40-2336-448D-A6E1-FE240A1390DF}
		{6FD58933-A6A3-451F-A63F-615F9ADF2748} = {23DEBB40-2336-448D-A6E1-FE240A1390DF}
		{23DEBB40-2336-448D-A6E1-FE240A1390DF} = {5B0D7D8C-F9A7-4CFB-B28A-7112865F9EEA}
		{A0E7CF8E-81FF-42E0-B0D8-A079AAE2DB58} = {23DEBB40-2336-448D-A6E1-FE240A1390DF}
		{9CA63BE9-1766-4FC3-B74B-CFDE1B7D3D05} = {23DEBB40-2336-448D-A6E1-FE240A1390DF}
		{54F7F427-4536-4E9A-8BC3-D6878EC863E3} = {5B0D7D8C-F9A7-4CFB-B28A-7112865F9EEA}
		{EF4277FB-5CC9-48DD-980D-5ACE94E2B819} = {137F2E22-33EA-477C-B800-DBF3DB7FEE5B}
		{B31D560A-F9A4-4EFE-AC55-DDB71F9248EF} = {137F2E22-33EA-477C-B800-DBF3DB7FEE5B}
		{EABA843D-7086-4CF0-B49C-2E60C3291413} = {2C642F65-3AC6-408A-8CE2-32512472E4D0}
		{9DD68DCD-2B21-4839-91C6-36ACE57D6E27} = {2C642F65-3AC6-408A-8CE2-32512472E4D0}
		{65F9CFD7-414F-486F-B7CA-D0AAFEC363BF} = {53689E0B-2E68-46C1-BBA5-F1C97304D2C9}
		{3C6BC686-1A0A-4FEE-88C8-37E01A89375B} = {53689E0B-2E68-46C1-BBA5-F1C97304D2C9}
		{9BF0AF15-F578-47FB-8214-056541D2F536} = {F5BBF8E7-DF9F-49D4-BA7D-DF0A7C2F4E82}
		{771BF35A-42CB-400D-A2D9-38D84D4FFFC9} = {F5BBF8E7-DF9F-49D4-BA7D-DF0A7C2F4E82}
		{36DD7D4A-749C-4980-9E3F-FE9A8E707F70} = {DA1B6753-27A4-4642-A432-58E4A6A71FE8}
		{AD07032A-F339-46EB-B2A4-9CBFF025DF78} = {7444D205-BCA7-4BEB-8D18-4348766A32CE}
		{3CA32C39-B84E-442F-820D-2A3DD38002E1} = {A68FDD48-D694-4F3B-B29E-13F2B65FF174}
		{E0C86892-EA9F-400D-947D-FFEB8727EC9E} = {7FAE8F87-422E-46E7-BCFE-E8FCF87FC8D0}
		{570B0E6E-632E-480E-9043-6B114B53813E} = {6A22494F-53A2-4E5E-B246-DA8802812B47}
		{AFE36BCF-9222-4872-AD54-947FE017D31F} = {C8DEBDFC-6A11-4A4E-A488-77148FF32ED3}
		{B370A077-1E49-4347-B9B7-E9680B37C57A} = {AE4EFC10-2998-4F94-8FCF-771E681B9E42}
		{F9E1D463-1A0F-4A25-B84B-A65A87DBA985} = {0687DCD8-AFDE-4785-80DE-847FE2C5D5BB}
		{B385D3BE-549A-4D45-B15A-0D5EA5761C62} = {B90A8ED2-723C-45FA-BFE2-5EB38897B918}
		{E7A91B97-24A8-44BA-B979-D8E09BF528D8} = {42DDE056-6699-45FB-BDC8-AF41A5033280}
		{E7A10FF4-FB7C-4665-B7BC-064D0076B693} = {6FD58933-A6A3-451F-A63F-615F9ADF2748}
		{02FA7E55-CC25-4813-A41C-132A30B8E32A} = {9CA63BE9-1766-4FC3-B74B-CFDE1B7D3D05}
		{F51E31CC-8394-4185-881F-C31A6BD17896} = {C7854A4D-591D-43EC-9C3F-7E35B81C5961}
		{BB5826F8-EEB9-4D63-B79B-DBE2BD6B80D4} = {CCB834F6-938E-4B32-9B56-5720BC45EB94}
		{A7A2E0B3-6EE3-4BE8-ABD0-B351BB355311} = {A0E7CF8E-81FF-42E0-B0D8-A079AAE2DB58}
		{C9F1F3D3-83C9-4F6A-8A99-BA3BF1232446} = {80170DB3-6440-4255-B35C-B960FF8E79FD}
		{7C418150-34BB-4108-9389-019D53647DF9} = {906B82E0-A98D-41B7-B388-AA69A46554E6}
		{650EC649-4008-400E-B026-116EE2AC0F10} = {B31D560A-F9A4-4EFE-AC55-DDB71F9248EF}
		{1A287398-AEE9-4226-9B4B-5C08EA9758FF} = {B31D560A-F9A4-4EFE-AC55-DDB71F9248EF}
		{94675B5C-FA8D-464D-A367-F6A5B1860F51} = {650EC649-4008-400E-B026-116EE2AC0F10}
		{3EE810A9-04B0-401E-A57D-1813498C494B} = {1A287398-AEE9-4226-9B4B-5C08EA9758FF}
		{65C4AE95-30D5-42E5-8B91-AC4A07841AEA} = {EF4277FB-5CC9-48DD-980D-5ACE94E2B819}
		{D0E1EEE2-F3A5-42C7-B5CC-E94D13494B51} = {53689E0B-2E68-46C1-BBA5-F1C97304D2C9}
		{A698B60E-4B9C-4BC2-A1F8-F6771792D7E6} = {53689E0B-2E68-46C1-BBA5-F1C97304D2C9}
		{C569BF53-B84B-4C0E-BC99-69B9EC74C90B} = {2C642F65-3AC6-408A-8CE2-32512472E4D0}
		{1B7C0755-0F04-48AF-AFDD-B94CDEFA3551} = {2C642F65-3AC6-408A-8CE2-32512472E4D0}
		{A13E8019-E4A2-41B3-85D2-8727B6A6B943} = {F5BBF8E7-DF9F-49D4-BA7D-DF0A7C2F4E82}
		{A5C9078F-A435-4AF6-947E-8538BD69771A} = {F5BBF8E7-DF9F-49D4-BA7D-DF0A7C2F4E82}
	EndGlobalSection
	GlobalSection(ExtensibilityGlobals) = postSolution
		SolutionGuid = {B76DC4BB-E311-4E10-9EF6-98BA8589D3FF}
	EndGlobalSection
EndGlobal
