Microsoft Visual Studio Solution File, Format Version 12.00
Project("{2150E333-8FDC-42A3-9474-1A3956D46DE8}") = "apps", "apps", "{46076ADA-9EBF-4FC2-990E-0BF82D7EA883}"
EndProject
Project("{2150E333-8FDC-42A3-9474-1A3956D46DE8}") = "tests", "tests", "{00C4A775-6D62-4DE9-BC85-6D1CD70DC71B}"
EndProject
Project("{2150E333-8FDC-42A3-9474-1A3956D46DE8}") = "common", "common", "{92665CE1-122C-43D1-B98C-15ED275AC75F}"
EndProject
Project("{FAE04EC0-301F-11D3-BF4B-00C04F79EFBC}") = "Crm.Apps", "apps\Crm.Apps\Crm.Apps.csproj", "{6ADEA938-63C2-4199-BD99-B15BE22C35A4}"
EndProject
Project("{FAE04EC0-301F-11D3-BF4B-00C04F79EFBC}") = "Crm.Apps.Tests", "tests\Crm.Apps.Tests\Crm.Apps.Tests.csproj", "{C5D27B21-1183-48E8-B0B7-F46395D06C8B}"
EndProject
Project("{FAE04EC0-301F-11D3-BF4B-00C04F79EFBC}") = "Crm.Common.Types", "common\Crm.Common.Types\Crm.Common.Types.csproj", "{772E13DA-5FE5-4B9F-BFC0-680BEE7DA145}"
EndProject
Project("{FAE04EC0-301F-11D3-BF4B-00C04F79EFBC}") = "Crm.Common.UserContext", "common\Crm.Common.UserContext\Crm.Common.UserContext.csproj", "{E238FD0C-05B7-440D-8342-9C8582E42E74}"
EndProject
Project("{2150E333-8FDC-42A3-9474-1A3956D46DE8}") = "clients", "clients", "{E69BED64-9FBC-4ED0-953B-8F32A2C72315}"
EndProject
Project("{FAE04EC0-301F-11D3-BF4B-00C04F79EFBC}") = "Crm.Clients.Accounts", "clients\Crm.Clients.Accounts\Crm.Clients.Accounts.csproj", "{4E433ED9-537B-447E-AC8B-B6733A996984}"
EndProject
Project("{FAE04EC0-301F-11D3-BF4B-00C04F79EFBC}") = "Crm.Clients.Users", "clients\Crm.Clients.Users\Crm.Clients.Users.csproj", "{2DE4698C-253E-4239-8D13-77E99450DFB0}"
EndProject
Project("{FAE04EC0-301F-11D3-BF4B-00C04F79EFBC}") = "Crm.Clients.Identities", "clients\Crm.Clients.Identities\Crm.Clients.Identities.csproj", "{F6AC0942-EC0A-4857-A6FA-3349B1A1B639}"
EndProject
Project("{FAE04EC0-301F-11D3-BF4B-00C04F79EFBC}") = "Crm.Clients.Products", "clients\Crm.Clients.Products\Crm.Clients.Products.csproj", "{AFAC0A82-60BA-4977-A150-3F4220D9C659}"
EndProject
Project("{FAE04EC0-301F-11D3-BF4B-00C04F79EFBC}") = "Crm.Clients.Leads", "clients\Crm.Clients.Leads\Crm.Clients.Leads.csproj", "{8CD58CB4-0586-428C-9603-6742EAA29783}"
EndProject
Project("{FAE04EC0-301F-11D3-BF4B-00C04F79EFBC}") = "Crm.Clients.Companies", "clients\Crm.Clients.Companies\Crm.Clients.Companies.csproj", "{DB9971A2-1B9F-4EE4-B2AC-8BD9A2869507}"
EndProject
Project("{FAE04EC0-301F-11D3-BF4B-00C04F79EFBC}") = "Crm.Clients.Contacts", "clients\Crm.Clients.Contacts\Crm.Clients.Contacts.csproj", "{9A4CDCA7-FCC4-405A-BC90-0904B059EA2C}"
EndProject
Project("{FAE04EC0-301F-11D3-BF4B-00C04F79EFBC}") = "Crm.Clients.Deals", "clients\Crm.Clients.Deals\Crm.Clients.Deals.csproj", "{671C76DD-C581-4FF0-80DA-F33F95EC5A27}"
EndProject
Project("{FAE04EC0-301F-11D3-BF4B-00C04F79EFBC}") = "Crm.Clients.Activities", "clients\Crm.Clients.Activities\Crm.Clients.Activities.csproj", "{6B0CD63C-342A-48AD-A1BB-7822F987B291}"
EndProject
Global
	GlobalSection(SolutionConfigurationPlatforms) = preSolution
		Debug|Any CPU = Debug|Any CPU
		Release|Any CPU = Release|Any CPU
	EndGlobalSection
	GlobalSection(NestedProjects) = preSolution
		{6ADEA938-63C2-4199-BD99-B15BE22C35A4} = {46076ADA-9EBF-4FC2-990E-0BF82D7EA883}
		{C5D27B21-1183-48E8-B0B7-F46395D06C8B} = {00C4A775-6D62-4DE9-BC85-6D1CD70DC71B}
		{772E13DA-5FE5-4B9F-BFC0-680BEE7DA145} = {92665CE1-122C-43D1-B98C-15ED275AC75F}
		{E238FD0C-05B7-440D-8342-9C8582E42E74} = {92665CE1-122C-43D1-B98C-15ED275AC75F}
		{4E433ED9-537B-447E-AC8B-B6733A996984} = {E69BED64-9FBC-4ED0-953B-8F32A2C72315}
		{2DE4698C-253E-4239-8D13-77E99450DFB0} = {E69BED64-9FBC-4ED0-953B-8F32A2C72315}
		{F6AC0942-EC0A-4857-A6FA-3349B1A1B639} = {E69BED64-9FBC-4ED0-953B-8F32A2C72315}
		{AFAC0A82-60BA-4977-A150-3F4220D9C659} = {E69BED64-9FBC-4ED0-953B-8F32A2C72315}
		{8CD58CB4-0586-428C-9603-6742EAA29783} = {E69BED64-9FBC-4ED0-953B-8F32A2C72315}
		{DB9971A2-1B9F-4EE4-B2AC-8BD9A2869507} = {E69BED64-9FBC-4ED0-953B-8F32A2C72315}
		{9A4CDCA7-FCC4-405A-BC90-0904B059EA2C} = {E69BED64-9FBC-4ED0-953B-8F32A2C72315}
		{671C76DD-C581-4FF0-80DA-F33F95EC5A27} = {E69BED64-9FBC-4ED0-953B-8F32A2C72315}
		{6B0CD63C-342A-48AD-A1BB-7822F987B291} = {E69BED64-9FBC-4ED0-953B-8F32A2C72315}
	EndGlobalSection
GlobalSection(ProjectConfigurationPlatforms) = postSolution
		{6ADEA938-63C2-4199-BD99-B15BE22C35A4}.Debug|Any CPU.ActiveCfg = Debug|Any CPU
		{6ADEA938-63C2-4199-BD99-B15BE22C35A4}.Debug|Any CPU.Build.0 = Debug|Any CPU
		{6ADEA938-63C2-4199-BD99-B15BE22C35A4}.Release|Any CPU.ActiveCfg = Release|Any CPU
		{6ADEA938-63C2-4199-BD99-B15BE22C35A4}.Release|Any CPU.Build.0 = Release|Any CPU
		{C5D27B21-1183-48E8-B0B7-F46395D06C8B}.Debug|Any CPU.ActiveCfg = Debug|Any CPU
		{C5D27B21-1183-48E8-B0B7-F46395D06C8B}.Debug|Any CPU.Build.0 = Debug|Any CPU
		{C5D27B21-1183-48E8-B0B7-F46395D06C8B}.Release|Any CPU.ActiveCfg = Release|Any CPU
		{C5D27B21-1183-48E8-B0B7-F46395D06C8B}.Release|Any CPU.Build.0 = Release|Any CPU
		{772E13DA-5FE5-4B9F-BFC0-680BEE7DA145}.Debug|Any CPU.ActiveCfg = Debug|Any CPU
		{772E13DA-5FE5-4B9F-BFC0-680BEE7DA145}.Debug|Any CPU.Build.0 = Debug|Any CPU
		{772E13DA-5FE5-4B9F-BFC0-680BEE7DA145}.Release|Any CPU.ActiveCfg = Release|Any CPU
		{772E13DA-5FE5-4B9F-BFC0-680BEE7DA145}.Release|Any CPU.Build.0 = Release|Any CPU
								{E238FD0C-05B7-440D-8342-9C8582E42E74}.Debug|Any CPU.ActiveCfg = Debug|Any CPU
								{E238FD0C-05B7-440D-8342-9C8582E42E74}.Debug|Any CPU.Build.0 = Debug|Any CPU
								{E238FD0C-05B7-440D-8342-9C8582E42E74}.Release|Any CPU.ActiveCfg = Release|Any CPU
								{E238FD0C-05B7-440D-8342-9C8582E42E74}.Release|Any CPU.Build.0 = Release|Any CPU
	{4E433ED9-537B-447E-AC8B-B6733A996984}.Debug|Any CPU.ActiveCfg = Debug|Any CPU
	{4E433ED9-537B-447E-AC8B-B6733A996984}.Debug|Any CPU.Build.0 = Debug|Any CPU
	{4E433ED9-537B-447E-AC8B-B6733A996984}.Release|Any CPU.ActiveCfg = Release|Any CPU
	{4E433ED9-537B-447E-AC8B-B6733A996984}.Release|Any CPU.Build.0 = Release|Any CPU
	{2DE4698C-253E-4239-8D13-77E99450DFB0}.Debug|Any CPU.ActiveCfg = Debug|Any CPU
	{2DE4698C-253E-4239-8D13-77E99450DFB0}.Debug|Any CPU.Build.0 = Debug|Any CPU
	{2DE4698C-253E-4239-8D13-77E99450DFB0}.Release|Any CPU.ActiveCfg = Release|Any CPU
	{2DE4698C-253E-4239-8D13-77E99450DFB0}.Release|Any CPU.Build.0 = Release|Any CPU
	{F6AC0942-EC0A-4857-A6FA-3349B1A1B639}.Debug|Any CPU.ActiveCfg = Debug|Any CPU
	{F6AC0942-EC0A-4857-A6FA-3349B1A1B639}.Debug|Any CPU.Build.0 = Debug|Any CPU
	{F6AC0942-EC0A-4857-A6FA-3349B1A1B639}.Release|Any CPU.ActiveCfg = Release|Any CPU
	{F6AC0942-EC0A-4857-A6FA-3349B1A1B639}.Release|Any CPU.Build.0 = Release|Any CPU
	{AFAC0A82-60BA-4977-A150-3F4220D9C659}.Debug|Any CPU.ActiveCfg = Debug|Any CPU
	{AFAC0A82-60BA-4977-A150-3F4220D9C659}.Debug|Any CPU.Build.0 = Debug|Any CPU
	{AFAC0A82-60BA-4977-A150-3F4220D9C659}.Release|Any CPU.ActiveCfg = Release|Any CPU
	{AFAC0A82-60BA-4977-A150-3F4220D9C659}.Release|Any CPU.Build.0 = Release|Any CPU
	{8CD58CB4-0586-428C-9603-6742EAA29783}.Debug|Any CPU.ActiveCfg = Debug|Any CPU
	{8CD58CB4-0586-428C-9603-6742EAA29783}.Debug|Any CPU.Build.0 = Debug|Any CPU
	{8CD58CB4-0586-428C-9603-6742EAA29783}.Release|Any CPU.ActiveCfg = Release|Any CPU
	{8CD58CB4-0586-428C-9603-6742EAA29783}.Release|Any CPU.Build.0 = Release|Any CPU
	{DB9971A2-1B9F-4EE4-B2AC-8BD9A2869507}.Debug|Any CPU.ActiveCfg = Debug|Any CPU
	{DB9971A2-1B9F-4EE4-B2AC-8BD9A2869507}.Debug|Any CPU.Build.0 = Debug|Any CPU
	{DB9971A2-1B9F-4EE4-B2AC-8BD9A2869507}.Release|Any CPU.ActiveCfg = Release|Any CPU
	{DB9971A2-1B9F-4EE4-B2AC-8BD9A2869507}.Release|Any CPU.Build.0 = Release|Any CPU
	{9A4CDCA7-FCC4-405A-BC90-0904B059EA2C}.Debug|Any CPU.ActiveCfg = Debug|Any CPU
	{9A4CDCA7-FCC4-405A-BC90-0904B059EA2C}.Debug|Any CPU.Build.0 = Debug|Any CPU
	{9A4CDCA7-FCC4-405A-BC90-0904B059EA2C}.Release|Any CPU.ActiveCfg = Release|Any CPU
	{9A4CDCA7-FCC4-405A-BC90-0904B059EA2C}.Release|Any CPU.Build.0 = Release|Any CPU
	{671C76DD-C581-4FF0-80DA-F33F95EC5A27}.Debug|Any CPU.ActiveCfg = Debug|Any CPU
	{671C76DD-C581-4FF0-80DA-F33F95EC5A27}.Debug|Any CPU.Build.0 = Debug|Any CPU
	{671C76DD-C581-4FF0-80DA-F33F95EC5A27}.Release|Any CPU.ActiveCfg = Release|Any CPU
	{671C76DD-C581-4FF0-80DA-F33F95EC5A27}.Release|Any CPU.Build.0 = Release|Any CPU
	{6B0CD63C-342A-48AD-A1BB-7822F987B291}.Debug|Any CPU.ActiveCfg = Debug|Any CPU
	{6B0CD63C-342A-48AD-A1BB-7822F987B291}.Debug|Any CPU.Build.0 = Debug|Any CPU
	{6B0CD63C-342A-48AD-A1BB-7822F987B291}.Release|Any CPU.ActiveCfg = Release|Any CPU
	{6B0CD63C-342A-48AD-A1BB-7822F987B291}.Release|Any CPU.Build.0 = Release|Any CPU
EndGlobalSection
EndGlobal
